
Microsoft Visual Studio Solution File, Format Version 12.00
# Visual Studio Version 16
VisualStudioVersion = 16.0.29728.190
MinimumVisualStudioVersion = 10.0.40219.1
Project("{8BC9CEB8-8B4A-11D0-8D11-00A0C91BC942}") = "Test_Boost_Raspberry_Pi", "Test_Boost_Raspberry_Pi\Test_Boost_Raspberry_Pi.vcxproj", "{06E9BBB4-1EFD-4807-9857-2C28C4D1EDB7}"
EndProject
Global
	GlobalSection(SolutionConfigurationPlatforms) = preSolution
		Debug|ARM = Debug|ARM
		Debug|ARM64 = Debug|ARM64
		Release|ARM = Release|ARM
		Release|ARM64 = Release|ARM64
	EndGlobalSection
	GlobalSection(ProjectConfigurationPlatforms) = postSolution
		{06E9BBB4-1EFD-4807-9857-2C28C4D1EDB7}.Debug|ARM.ActiveCfg = Debug|ARM
		{06E9BBB4-1EFD-4807-9857-2C28C4D1EDB7}.Debug|ARM.Build.0 = Debug|ARM
		{06E9BBB4-1EFD-4807-9857-2C28C4D1EDB7}.Debug|ARM.Deploy.0 = Debug|ARM
		{06E9BBB4-1EFD-4807-9857-2C28C4D1EDB7}.Debug|ARM64.ActiveCfg = Debug|ARM64
		{06E9BBB4-1EFD-4807-9857-2C28C4D1EDB7}.Debug|ARM64.Build.0 = Debug|ARM64
		{06E9BBB4-1EFD-4807-9857-2C28C4D1EDB7}.Debug|ARM64.Deploy.0 = Debug|ARM64
		{06E9BBB4-1EFD-4807-9857-2C28C4D1EDB7}.Release|ARM.ActiveCfg = Release|ARM
		{06E9BBB4-1EFD-4807-9857-2C28C4D1EDB7}.Release|ARM.Build.0 = Release|ARM
		{06E9BBB4-1EFD-4807-9857-2C28C4D1EDB7}.Release|ARM.Deploy.0 = Release|ARM
		{06E9BBB4-1EFD-4807-9857-2C28C4D1EDB7}.Release|ARM64.ActiveCfg = Release|ARM64
		{06E9BBB4-1EFD-4807-9857-2C28C4D1EDB7}.Release|ARM64.Build.0 = Release|ARM64
		{06E9BBB4-1EFD-4807-9857-2C28C4D1EDB7}.Release|ARM64.Deploy.0 = Release|ARM64
	EndGlobalSection
	GlobalSection(SolutionProperties) = preSolution
		HideSolutionNode = FALSE
	EndGlobalSection
	GlobalSection(ExtensibilityGlobals) = postSolution
		SolutionGuid = {C9BCB6ED-649D-4D1E-9C15-FEEBC4F0815E}
	EndGlobalSection
EndGlobal
